
Microsoft Visual Studio Solution File, Format Version 12.00
# Visual Studio Version 17
VisualStudioVersion = 17.0.31903.59
MinimumVisualStudioVersion = 10.0.40219.1
Project("{2150E333-8FDC-42A3-9474-1A3956D46DE8}") = "src", "src", "{827E0CD3-B72D-47B6-A68D-7590B98EB39B}"
EndProject
Project("{FAE04EC0-301F-11D3-BF4B-00C04F79EFBC}") = "DatadogNet", "src\DatadogNet\DatadogNet.csproj", "{BF1F45A9-3D1D-445F-911A-F6CCBEAFC2A0}"
EndProject
Project("{FAE04EC0-301F-11D3-BF4B-00C04F79EFBC}") = "DatadogNet.CrashReporting", "src\DatadogNet.CrashReporting\DatadogNet.CrashReporting.csproj", "{ECDC260C-BCCD-44AC-9A18-825BFCF52450}"
EndProject
Project("{FAE04EC0-301F-11D3-BF4B-00C04F79EFBC}") = "DatadogNet.WebView", "src\DatadogNet.WebView\DatadogNet.WebView.csproj", "{80742392-0ACF-4F6F-85E1-9B84EABCEDA6}"
EndProject
Project("{FAE04EC0-301F-11D3-BF4B-00C04F79EFBC}") = "DatadogNet.Maui", "src\DatadogNet.Maui\DatadogNet.Maui.csproj", "{9C043716-E7E6-4A2A-A23C-5DA8BF05B8D9}"
EndProject
Project("{2150E333-8FDC-42A3-9474-1A3956D46DE8}") = "tests", "tests", "{0AB3BF05-4346-4AA6-1389-037BE0695223}"
EndProject
Project("{FAE04EC0-301F-11D3-BF4B-00C04F79EFBC}") = "DatadogNet.PackageTests", "tests\DatadogNet.PackageTests\DatadogNet.PackageTests.csproj", "{75147094-E230-4964-8FB8-D170BCC7BE7C}"
EndProject
Global
	GlobalSection(SolutionConfigurationPlatforms) = preSolution
		Debug|Any CPU = Debug|Any CPU
		Debug|x64 = Debug|x64
		Debug|x86 = Debug|x86
		Release|Any CPU = Release|Any CPU
		Release|x64 = Release|x64
		Release|x86 = Release|x86
	EndGlobalSection
	GlobalSection(ProjectConfigurationPlatforms) = postSolution
		{BF1F45A9-3D1D-445F-911A-F6CCBEAFC2A0}.Debug|Any CPU.ActiveCfg = Debug|Any CPU
		{BF1F45A9-3D1D-445F-911A-F6CCBEAFC2A0}.Debug|Any CPU.Build.0 = Debug|Any CPU
		{BF1F45A9-3D1D-445F-911A-F6CCBEAFC2A0}.Debug|x64.ActiveCfg = Debug|Any CPU
		{BF1F45A9-3D1D-445F-911A-F6CCBEAFC2A0}.Debug|x64.Build.0 = Debug|Any CPU
		{BF1F45A9-3D1D-445F-911A-F6CCBEAFC2A0}.Debug|x86.ActiveCfg = Debug|Any CPU
		{BF1F45A9-3D1D-445F-911A-F6CCBEAFC2A0}.Debug|x86.Build.0 = Debug|Any CPU
		{BF1F45A9-3D1D-445F-911A-F6CCBEAFC2A0}.Release|Any CPU.ActiveCfg = Release|Any CPU
		{BF1F45A9-3D1D-445F-911A-F6CCBEAFC2A0}.Release|Any CPU.Build.0 = Release|Any CPU
		{BF1F45A9-3D1D-445F-911A-F6CCBEAFC2A0}.Release|x64.ActiveCfg = Release|Any CPU
		{BF1F45A9-3D1D-445F-911A-F6CCBEAFC2A0}.Release|x64.Build.0 = Release|Any CPU
		{BF1F45A9-3D1D-445F-911A-F6CCBEAFC2A0}.Release|x86.ActiveCfg = Release|Any CPU
		{BF1F45A9-3D1D-445F-911A-F6CCBEAFC2A0}.Release|x86.Build.0 = Release|Any CPU
		{ECDC260C-BCCD-44AC-9A18-825BFCF52450}.Debug|Any CPU.ActiveCfg = Debug|Any CPU
		{ECDC260C-BCCD-44AC-9A18-825BFCF52450}.Debug|Any CPU.Build.0 = Debug|Any CPU
		{ECDC260C-BCCD-44AC-9A18-825BFCF52450}.Debug|x64.ActiveCfg = Debug|Any CPU
		{ECDC260C-BCCD-44AC-9A18-825BFCF52450}.Debug|x64.Build.0 = Debug|Any CPU
		{ECDC260C-BCCD-44AC-9A18-825BFCF52450}.Debug|x86.ActiveCfg = Debug|Any CPU
		{ECDC260C-BCCD-44AC-9A18-825BFCF52450}.Debug|x86.Build.0 = Debug|Any CPU
		{ECDC260C-BCCD-44AC-9A18-825BFCF52450}.Release|Any CPU.ActiveCfg = Release|Any CPU
		{ECDC260C-BCCD-44AC-9A18-825BFCF52450}.Release|Any CPU.Build.0 = Release|Any CPU
		{ECDC260C-BCCD-44AC-9A18-825BFCF52450}.Release|x64.ActiveCfg = Release|Any CPU
		{ECDC260C-BCCD-44AC-9A18-825BFCF52450}.Release|x64.Build.0 = Release|Any CPU
		{ECDC260C-BCCD-44AC-9A18-825BFCF52450}.Release|x86.ActiveCfg = Release|Any CPU
		{ECDC260C-BCCD-44AC-9A18-825BFCF52450}.Release|x86.Build.0 = Release|Any CPU
		{80742392-0ACF-4F6F-85E1-9B84EABCEDA6}.Debug|Any CPU.ActiveCfg = Debug|Any CPU
		{80742392-0ACF-4F6F-85E1-9B84EABCEDA6}.Debug|Any CPU.Build.0 = Debug|Any CPU
		{80742392-0ACF-4F6F-85E1-9B84EABCEDA6}.Debug|x64.ActiveCfg = Debug|Any CPU
		{80742392-0ACF-4F6F-85E1-9B84EABCEDA6}.Debug|x64.Build.0 = Debug|Any CPU
		{80742392-0ACF-4F6F-85E1-9B84EABCEDA6}.Debug|x86.ActiveCfg = Debug|Any CPU
		{80742392-0ACF-4F6F-85E1-9B84EABCEDA6}.Debug|x86.Build.0 = Debug|Any CPU
		{80742392-0ACF-4F6F-85E1-9B84EABCEDA6}.Release|Any CPU.ActiveCfg = Release|Any CPU
		{80742392-0ACF-4F6F-85E1-9B84EABCEDA6}.Release|Any CPU.Build.0 = Release|Any CPU
		{80742392-0ACF-4F6F-85E1-9B84EABCEDA6}.Release|x64.ActiveCfg = Release|Any CPU
		{80742392-0ACF-4F6F-85E1-9B84EABCEDA6}.Release|x64.Build.0 = Release|Any CPU
		{80742392-0ACF-4F6F-85E1-9B84EABCEDA6}.Release|x86.ActiveCfg = Release|Any CPU
		{80742392-0ACF-4F6F-85E1-9B84EABCEDA6}.Release|x86.Build.0 = Release|Any CPU
		{9C043716-E7E6-4A2A-A23C-5DA8BF05B8D9}.Debug|Any CPU.ActiveCfg = Debug|Any CPU
		{9C043716-E7E6-4A2A-A23C-5DA8BF05B8D9}.Debug|Any CPU.Build.0 = Debug|Any CPU
		{9C043716-E7E6-4A2A-A23C-5DA8BF05B8D9}.Debug|x64.ActiveCfg = Debug|Any CPU
		{9C043716-E7E6-4A2A-A23C-5DA8BF05B8D9}.Debug|x64.Build.0 = Debug|Any CPU
		{9C043716-E7E6-4A2A-A23C-5DA8BF05B8D9}.Debug|x86.ActiveCfg = Debug|Any CPU
		{9C043716-E7E6-4A2A-A23C-5DA8BF05B8D9}.Debug|x86.Build.0 = Debug|Any CPU
		{9C043716-E7E6-4A2A-A23C-5DA8BF05B8D9}.Release|Any CPU.ActiveCfg = Release|Any CPU
		{9C043716-E7E6-4A2A-A23C-5DA8BF05B8D9}.Release|Any CPU.Build.0 = Release|Any CPU
		{9C043716-E7E6-4A2A-A23C-5DA8BF05B8D9}.Release|x64.ActiveCfg = Release|Any CPU
		{9C043716-E7E6-4A2A-A23C-5DA8BF05B8D9}.Release|x64.Build.0 = Release|Any CPU
		{9C043716-E7E6-4A2A-A23C-5DA8BF05B8D9}.Release|x86.ActiveCfg = Release|Any CPU
		{9C043716-E7E6-4A2A-A23C-5DA8BF05B8D9}.Release|x86.Build.0 = Release|Any CPU
		{75147094-E230-4964-8FB8-D170BCC7BE7C}.Debug|Any CPU.ActiveCfg = Debug|Any CPU
		{75147094-E230-4964-8FB8-D170BCC7BE7C}.Debug|Any CPU.Build.0 = Debug|Any CPU
		{75147094-E230-4964-8FB8-D170BCC7BE7C}.Debug|x64.ActiveCfg = Debug|Any CPU
		{75147094-E230-4964-8FB8-D170BCC7BE7C}.Debug|x64.Build.0 = Debug|Any CPU
		{75147094-E230-4964-8FB8-D170BCC7BE7C}.Debug|x86.ActiveCfg = Debug|Any CPU
		{75147094-E230-4964-8FB8-D170BCC7BE7C}.Debug|x86.Build.0 = Debug|Any CPU
		{75147094-E230-4964-8FB8-D170BCC7BE7C}.Release|Any CPU.ActiveCfg = Release|Any CPU
		{75147094-E230-4964-8FB8-D170BCC7BE7C}.Release|Any CPU.Build.0 = Release|Any CPU
		{75147094-E230-4964-8FB8-D170BCC7BE7C}.Release|x64.ActiveCfg = Release|Any CPU
		{75147094-E230-4964-8FB8-D170BCC7BE7C}.Release|x64.Build.0 = Release|Any CPU
		{75147094-E230-4964-8FB8-D170BCC7BE7C}.Release|x86.ActiveCfg = Release|Any CPU
		{75147094-E230-4964-8FB8-D170BCC7BE7C}.Release|x86.Build.0 = Release|Any CPU
	EndGlobalSection
	GlobalSection(SolutionProperties) = preSolution
		HideSolutionNode = FALSE
	EndGlobalSection
	GlobalSection(NestedProjects) = preSolution
		{BF1F45A9-3D1D-445F-911A-F6CCBEAFC2A0} = {827E0CD3-B72D-47B6-A68D-7590B98EB39B}
		{ECDC260C-BCCD-44AC-9A18-825BFCF52450} = {827E0CD3-B72D-47B6-A68D-7590B98EB39B}
		{80742392-0ACF-4F6F-85E1-9B84EABCEDA6} = {827E0CD3-B72D-47B6-A68D-7590B98EB39B}
		{9C043716-E7E6-4A2A-A23C-5DA8BF05B8D9} = {827E0CD3-B72D-47B6-A68D-7590B98EB39B}
		{75147094-E230-4964-8FB8-D170BCC7BE7C} = {0AB3BF05-4346-4AA6-1389-037BE0695223}
	EndGlobalSection
EndGlobal
